
Microsoft Visual Studio Solution File, Format Version 12.00
# Visual Studio 14
VisualStudioVersion = 14.0.25420.1
MinimumVisualStudioVersion = 10.0.40219.1
Project("{2150E333-8FDC-42A3-9474-1A3956D46DE8}") = "01. 业务逻辑层", "01. 业务逻辑层", "{656B47C1-3922-4F0B-820E-00BA9BDB33B1}"
EndProject
Project("{2150E333-8FDC-42A3-9474-1A3956D46DE8}") = "02. Web应用层", "02. Web应用层", "{29DFF52B-8455-4EA1-8798-3AEE210D9372}"
EndProject
Project("{2150E333-8FDC-42A3-9474-1A3956D46DE8}") = "02 Models 实体层", "02 Models 实体层", "{1B8156EC-FC04-48C0-9904-8782705A2175}"
EndProject
Project("{2150E333-8FDC-42A3-9474-1A3956D46DE8}") = "01 Cache 应用缓存", "01 Cache 应用缓存", "{7A9CC7E1-9219-4F06-86E8-8A1942D9BB56}"
EndProject
Project("{2150E333-8FDC-42A3-9474-1A3956D46DE8}") = ".nuget", ".nuget", "{26CFF3C8-4B33-4588-8787-D631124FD63E}"
	ProjectSection(SolutionItems) = preProject
		.nuget\NuGet.Config = .nuget\NuGet.Config
		.nuget\NuGet.exe = .nuget\NuGet.exe
		.nuget\NuGet.targets = .nuget\NuGet.targets
	EndProjectSection
EndProject
Project("{2150E333-8FDC-42A3-9474-1A3956D46DE8}") = "03. 手机端应用", "03. 手机端应用", "{43E72B13-75A9-49A8-8D6B-56EB87F56DC8}"
EndProject
Project("{FAE04EC0-301F-11D3-BF4B-00C04F79EFBC}") = "ERCHTMS.AppSerivce", "ERCHTMS.WebApp\ERCHTMS.AppSerivce\ERCHTMS.AppSerivce.csproj", "{EE57FF2E-C1A6-432C-BFD6-BFE10D17F735}"
EndProject
Project("{FAE04EC0-301F-11D3-BF4B-00C04F79EFBC}") = "ERCHTMS.Web", "ERCHTMS.Application\ERCHTMS.Web\ERCHTMS.Web.csproj", "{1D8FC20B-427E-4D5F-813B-D3FF2D89A96C}"
EndProject
Project("{FAE04EC0-301F-11D3-BF4B-00C04F79EFBC}") = "ERCHTMS.Code", "ERCHTMS.Application\ERCHTMS.Code\ERCHTMS.Code.csproj", "{9B10DB87-130C-41D3-8687-1FAC877DB74A}"
EndProject
Project("{FAE04EC0-301F-11D3-BF4B-00C04F79EFBC}") = "ERCHTMS.Busines", "ERCHTMS.Application\ERCHTMS.Busines\ERCHTMS.Busines.csproj", "{21566527-8F54-4A8D-AA68-7662C2C31FB9}"
EndProject
Project("{FAE04EC0-301F-11D3-BF4B-00C04F79EFBC}") = "ERCHTMS.IService", "ERCHTMS.Application\ERCHTMS.IService\ERCHTMS.IService.csproj", "{6CE11FF9-1CB7-494E-89C7-5F06BEA94211}"
EndProject
Project("{FAE04EC0-301F-11D3-BF4B-00C04F79EFBC}") = "ERCHTMS.Service", "ERCHTMS.Application\ERCHTMS.Service\ERCHTMS.Service.csproj", "{D6B8ABEA-C923-4605-99A9-B7ACA5DE4D8A}"
EndProject
Project("{FAE04EC0-301F-11D3-BF4B-00C04F79EFBC}") = "ERCHTMS.Mapping", "ERCHTMS.Application\ERCHTMS.Mapping\ERCHTMS.Mapping.csproj", "{42234E7A-B484-479D-B1C1-08A08A59C935}"
EndProject
Project("{FAE04EC0-301F-11D3-BF4B-00C04F79EFBC}") = "ERCHTMS.Cache", "ERCHTMS.Application\ERCHTMS.Cache\ERCHTMS.Cache.csproj", "{73A55239-A22D-4AC9-B412-64EA83035A18}"
EndProject
Project("{FAE04EC0-301F-11D3-BF4B-00C04F79EFBC}") = "ERCHTMS.Entity", "ERCHTMS.Application\ERCHTMS.Entity\ERCHTMS.Entity.csproj", "{C10920FE-8C74-4993-A7F4-1DA189DA842C}"
EndProject
Project("{E24C65DC-7377-472B-9ABA-BC803B73C61A}") = "ERCHTMS.AppSite", "http://localhost:2805", "{7438142E-F112-42A7-A967-4F034E75D27A}"
	ProjectSection(WebsiteProperties) = preProject
		SccProjectName = "SAK"
		SccAuxPath = "SAK"
		SccLocalPath = "SAK"
		SccProvider = "SAK"
		UseIISExpress = "true"
		TargetFrameworkMoniker = ".NETFramework,Version%3Dv4.0"
		Debug.AspNetCompiler.VirtualPath = "/localhost_2805"
		Debug.AspNetCompiler.PhysicalPath = "ERCHTMS.WebApp\ERCHTMS.AppSite\"
		Debug.AspNetCompiler.TargetPath = "PrecompiledWeb\localhost_2805\"
		Debug.AspNetCompiler.Updateable = "true"
		Debug.AspNetCompiler.ForceOverwrite = "true"
		Debug.AspNetCompiler.FixedNames = "false"
		Debug.AspNetCompiler.Debug = "True"
		Release.AspNetCompiler.VirtualPath = "/localhost_2805"
		Release.AspNetCompiler.PhysicalPath = "ERCHTMS.WebApp\ERCHTMS.AppSite\"
		Release.AspNetCompiler.TargetPath = "PrecompiledWeb\localhost_2805\"
		Release.AspNetCompiler.Updateable = "true"
		Release.AspNetCompiler.ForceOverwrite = "true"
		Release.AspNetCompiler.FixedNames = "false"
		Release.AspNetCompiler.Debug = "False"
		SlnRelativePath = "ERCHTMS.WebApp\ERCHTMS.AppSite\"
	EndProjectSection
EndProject
Project("{2150E333-8FDC-42A3-9474-1A3956D46DE8}") = "04. 代码生成器", "04. 代码生成器", "{D81A511A-E7E1-4C72-BCD6-D726359941BA}"
EndProject
Project("{FAE04EC0-301F-11D3-BF4B-00C04F79EFBC}") = "ERCHTMS.CodeGenerator", "ERCHTMS.Util\BSFramework.CodeGenerator\ERCHTMS.CodeGenerator.csproj", "{6FAADC1C-DB04-4F65-9856-D989FC3B46C5}"
EndProject
Project("{FAE04EC0-301F-11D3-BF4B-00C04F79EFBC}") = "SafeControl", "SafeControl\SafeControl.csproj", "{3E33B12A-55BE-4FEA-8070-592090385E59}"
EndProject
Project("{FAE04EC0-301F-11D3-BF4B-00C04F79EFBC}") = "ERCHTMS.SIM", "ERCHTMS.SIM\ERCHTMS.SIM.csproj", "{A6E4E95F-C27F-498E-ADB0-F04F5A786997}"
EndProject
Project("{2150E333-8FDC-42A3-9474-1A3956D46DE8}") = "05. 即时通讯", "05. 即时通讯", "{A557D845-2156-4D8A-A079-9C86AF0B4470}"
EndProject
Project("{2150E333-8FDC-42A3-9474-1A3956D46DE8}") = "06. 任务调度", "06. 任务调度", "{85FBED21-4CCF-4A95-96B8-B5145607F43B}"
EndProject
Project("{FAE04EC0-301F-11D3-BF4B-00C04F79EFBC}") = "ConsoleHosting", "TaskManager\ConsoleHosting\ConsoleHosting.csproj", "{FDA22E2F-B8E8-400A-9AC6-D3244333D7D1}"
EndProject
Project("{FAE04EC0-301F-11D3-BF4B-00C04F79EFBC}") = "Model", "TaskManager\Model\Model.csproj", "{893276F9-846F-4C7E-B986-F663310C5232}"
EndProject
Project("{FAE04EC0-301F-11D3-BF4B-00C04F79EFBC}") = "Task", "TaskManager\Task\Task.csproj", "{C502F42C-ECC7-4D26-A3DC-1DEE7720C8A7}"
EndProject
Project("{FAE04EC0-301F-11D3-BF4B-00C04F79EFBC}") = "TopShelf_WindowsService", "TaskManager\TopShelf_WindowsService\TopShelf_WindowsService.csproj", "{28D94E77-A62A-49A2-8180-F1238CF5873D}"
EndProject
Project("{FAE04EC0-301F-11D3-BF4B-00C04F79EFBC}") = "Utility", "TaskManager\Utility\Utility.csproj", "{6C09E927-DF62-44F1-A8BA-34F969E1FD71}"
EndProject
Project("{FAE04EC0-301F-11D3-BF4B-00C04F79EFBC}") = "Web", "TaskManager\Web\Web.csproj", "{1045FDF2-7424-4815-9BBD-D8C0F874187B}"
EndProject
Global
	GlobalSection(SolutionConfigurationPlatforms) = preSolution
		Debug|Any CPU = Debug|Any CPU
		Release|Any CPU = Release|Any CPU
	EndGlobalSection
	GlobalSection(ProjectConfigurationPlatforms) = postSolution
		{EE57FF2E-C1A6-432C-BFD6-BFE10D17F735}.Debug|Any CPU.ActiveCfg = Debug|Any CPU
		{EE57FF2E-C1A6-432C-BFD6-BFE10D17F735}.Debug|Any CPU.Build.0 = Debug|Any CPU
		{EE57FF2E-C1A6-432C-BFD6-BFE10D17F735}.Release|Any CPU.ActiveCfg = Release|Any CPU
		{EE57FF2E-C1A6-432C-BFD6-BFE10D17F735}.Release|Any CPU.Build.0 = Release|Any CPU
		{1D8FC20B-427E-4D5F-813B-D3FF2D89A96C}.Debug|Any CPU.ActiveCfg = Debug|Any CPU
		{1D8FC20B-427E-4D5F-813B-D3FF2D89A96C}.Debug|Any CPU.Build.0 = Debug|Any CPU
		{1D8FC20B-427E-4D5F-813B-D3FF2D89A96C}.Release|Any CPU.ActiveCfg = Release|Any CPU
		{1D8FC20B-427E-4D5F-813B-D3FF2D89A96C}.Release|Any CPU.Build.0 = Release|Any CPU
		{9B10DB87-130C-41D3-8687-1FAC877DB74A}.Debug|Any CPU.ActiveCfg = Debug|Any CPU
		{9B10DB87-130C-41D3-8687-1FAC877DB74A}.Debug|Any CPU.Build.0 = Debug|Any CPU
		{9B10DB87-130C-41D3-8687-1FAC877DB74A}.Release|Any CPU.ActiveCfg = Release|Any CPU
		{9B10DB87-130C-41D3-8687-1FAC877DB74A}.Release|Any CPU.Build.0 = Release|Any CPU
		{21566527-8F54-4A8D-AA68-7662C2C31FB9}.Debug|Any CPU.ActiveCfg = Debug|Any CPU
		{21566527-8F54-4A8D-AA68-7662C2C31FB9}.Debug|Any CPU.Build.0 = Debug|Any CPU
		{21566527-8F54-4A8D-AA68-7662C2C31FB9}.Release|Any CPU.ActiveCfg = Release|Any CPU
		{21566527-8F54-4A8D-AA68-7662C2C31FB9}.Release|Any CPU.Build.0 = Release|Any CPU
		{6CE11FF9-1CB7-494E-89C7-5F06BEA94211}.Debug|Any CPU.ActiveCfg = Debug|Any CPU
		{6CE11FF9-1CB7-494E-89C7-5F06BEA94211}.Debug|Any CPU.Build.0 = Debug|Any CPU
		{6CE11FF9-1CB7-494E-89C7-5F06BEA94211}.Release|Any CPU.ActiveCfg = Release|Any CPU
		{6CE11FF9-1CB7-494E-89C7-5F06BEA94211}.Release|Any CPU.Build.0 = Release|Any CPU
		{D6B8ABEA-C923-4605-99A9-B7ACA5DE4D8A}.Debug|Any CPU.ActiveCfg = Debug|Any CPU
		{D6B8ABEA-C923-4605-99A9-B7ACA5DE4D8A}.Debug|Any CPU.Build.0 = Debug|Any CPU
		{D6B8ABEA-C923-4605-99A9-B7ACA5DE4D8A}.Release|Any CPU.ActiveCfg = Release|Any CPU
		{D6B8ABEA-C923-4605-99A9-B7ACA5DE4D8A}.Release|Any CPU.Build.0 = Release|Any CPU
		{42234E7A-B484-479D-B1C1-08A08A59C935}.Debug|Any CPU.ActiveCfg = Debug|Any CPU
		{42234E7A-B484-479D-B1C1-08A08A59C935}.Debug|Any CPU.Build.0 = Debug|Any CPU
		{42234E7A-B484-479D-B1C1-08A08A59C935}.Release|Any CPU.ActiveCfg = Release|Any CPU
		{42234E7A-B484-479D-B1C1-08A08A59C935}.Release|Any CPU.Build.0 = Release|Any CPU
		{73A55239-A22D-4AC9-B412-64EA83035A18}.Debug|Any CPU.ActiveCfg = Debug|Any CPU
		{73A55239-A22D-4AC9-B412-64EA83035A18}.Debug|Any CPU.Build.0 = Debug|Any CPU
		{73A55239-A22D-4AC9-B412-64EA83035A18}.Release|Any CPU.ActiveCfg = Release|Any CPU
		{73A55239-A22D-4AC9-B412-64EA83035A18}.Release|Any CPU.Build.0 = Release|Any CPU
		{C10920FE-8C74-4993-A7F4-1DA189DA842C}.Debug|Any CPU.ActiveCfg = Debug|Any CPU
		{C10920FE-8C74-4993-A7F4-1DA189DA842C}.Debug|Any CPU.Build.0 = Debug|Any CPU
		{C10920FE-8C74-4993-A7F4-1DA189DA842C}.Release|Any CPU.ActiveCfg = Release|Any CPU
		{C10920FE-8C74-4993-A7F4-1DA189DA842C}.Release|Any CPU.Build.0 = Release|Any CPU
		{7438142E-F112-42A7-A967-4F034E75D27A}.Debug|Any CPU.ActiveCfg = Debug|Any CPU
		{7438142E-F112-42A7-A967-4F034E75D27A}.Debug|Any CPU.Build.0 = Debug|Any CPU
		{7438142E-F112-42A7-A967-4F034E75D27A}.Release|Any CPU.ActiveCfg = Debug|Any CPU
		{7438142E-F112-42A7-A967-4F034E75D27A}.Release|Any CPU.Build.0 = Debug|Any CPU
		{6FAADC1C-DB04-4F65-9856-D989FC3B46C5}.Debug|Any CPU.ActiveCfg = Debug|Any CPU
		{6FAADC1C-DB04-4F65-9856-D989FC3B46C5}.Debug|Any CPU.Build.0 = Debug|Any CPU
		{6FAADC1C-DB04-4F65-9856-D989FC3B46C5}.Release|Any CPU.ActiveCfg = Release|Any CPU
		{6FAADC1C-DB04-4F65-9856-D989FC3B46C5}.Release|Any CPU.Build.0 = Release|Any CPU
		{3E33B12A-55BE-4FEA-8070-592090385E59}.Debug|Any CPU.ActiveCfg = Debug|Any CPU
		{3E33B12A-55BE-4FEA-8070-592090385E59}.Debug|Any CPU.Build.0 = Debug|Any CPU
		{3E33B12A-55BE-4FEA-8070-592090385E59}.Release|Any CPU.ActiveCfg = Release|Any CPU
		{3E33B12A-55BE-4FEA-8070-592090385E59}.Release|Any CPU.Build.0 = Release|Any CPU
		{A6E4E95F-C27F-498E-ADB0-F04F5A786997}.Debug|Any CPU.ActiveCfg = Debug|Any CPU
		{A6E4E95F-C27F-498E-ADB0-F04F5A786997}.Debug|Any CPU.Build.0 = Debug|Any CPU
		{A6E4E95F-C27F-498E-ADB0-F04F5A786997}.Release|Any CPU.ActiveCfg = Release|Any CPU
		{A6E4E95F-C27F-498E-ADB0-F04F5A786997}.Release|Any CPU.Build.0 = Release|Any CPU
		{FDA22E2F-B8E8-400A-9AC6-D3244333D7D1}.Debug|Any CPU.ActiveCfg = Debug|Any CPU
		{FDA22E2F-B8E8-400A-9AC6-D3244333D7D1}.Debug|Any CPU.Build.0 = Debug|Any CPU
		{FDA22E2F-B8E8-400A-9AC6-D3244333D7D1}.Release|Any CPU.ActiveCfg = Release|Any CPU
		{FDA22E2F-B8E8-400A-9AC6-D3244333D7D1}.Release|Any CPU.Build.0 = Release|Any CPU
		{893276F9-846F-4C7E-B986-F663310C5232}.Debug|Any CPU.ActiveCfg = Debug|Any CPU
		{893276F9-846F-4C7E-B986-F663310C5232}.Debug|Any CPU.Build.0 = Debug|Any CPU
		{893276F9-846F-4C7E-B986-F663310C5232}.Release|Any CPU.ActiveCfg = Release|Any CPU
		{893276F9-846F-4C7E-B986-F663310C5232}.Release|Any CPU.Build.0 = Release|Any CPU
		{C502F42C-ECC7-4D26-A3DC-1DEE7720C8A7}.Debug|Any CPU.ActiveCfg = Debug|Any CPU
		{C502F42C-ECC7-4D26-A3DC-1DEE7720C8A7}.Debug|Any CPU.Build.0 = Debug|Any CPU
		{C502F42C-ECC7-4D26-A3DC-1DEE7720C8A7}.Release|Any CPU.ActiveCfg = Release|Any CPU
		{C502F42C-ECC7-4D26-A3DC-1DEE7720C8A7}.Release|Any CPU.Build.0 = Release|Any CPU
		{28D94E77-A62A-49A2-8180-F1238CF5873D}.Debug|Any CPU.ActiveCfg = Debug|Any CPU
		{28D94E77-A62A-49A2-8180-F1238CF5873D}.Debug|Any CPU.Build.0 = Debug|Any CPU
		{28D94E77-A62A-49A2-8180-F1238CF5873D}.Release|Any CPU.ActiveCfg = Release|Any CPU
		{28D94E77-A62A-49A2-8180-F1238CF5873D}.Release|Any CPU.Build.0 = Release|Any CPU
		{6C09E927-DF62-44F1-A8BA-34F969E1FD71}.Debug|Any CPU.ActiveCfg = Debug|Any CPU
		{6C09E927-DF62-44F1-A8BA-34F969E1FD71}.Debug|Any CPU.Build.0 = Debug|Any CPU
		{6C09E927-DF62-44F1-A8BA-34F969E1FD71}.Release|Any CPU.ActiveCfg = Release|Any CPU
		{6C09E927-DF62-44F1-A8BA-34F969E1FD71}.Release|Any CPU.Build.0 = Release|Any CPU
		{1045FDF2-7424-4815-9BBD-D8C0F874187B}.Debug|Any CPU.ActiveCfg = Debug|Any CPU
		{1045FDF2-7424-4815-9BBD-D8C0F874187B}.Debug|Any CPU.Build.0 = Debug|Any CPU
		{1045FDF2-7424-4815-9BBD-D8C0F874187B}.Release|Any CPU.ActiveCfg = Release|Any CPU
		{1045FDF2-7424-4815-9BBD-D8C0F874187B}.Release|Any CPU.Build.0 = Release|Any CPU
	EndGlobalSection
	GlobalSection(SolutionProperties) = preSolution
		HideSolutionNode = FALSE
	EndGlobalSection
	GlobalSection(NestedProjects) = preSolution
		{1B8156EC-FC04-48C0-9904-8782705A2175} = {656B47C1-3922-4F0B-820E-00BA9BDB33B1}
		{EE57FF2E-C1A6-432C-BFD6-BFE10D17F735} = {43E72B13-75A9-49A8-8D6B-56EB87F56DC8}
		{1D8FC20B-427E-4D5F-813B-D3FF2D89A96C} = {29DFF52B-8455-4EA1-8798-3AEE210D9372}
		{9B10DB87-130C-41D3-8687-1FAC877DB74A} = {7A9CC7E1-9219-4F06-86E8-8A1942D9BB56}
		{21566527-8F54-4A8D-AA68-7662C2C31FB9} = {656B47C1-3922-4F0B-820E-00BA9BDB33B1}
		{6CE11FF9-1CB7-494E-89C7-5F06BEA94211} = {656B47C1-3922-4F0B-820E-00BA9BDB33B1}
		{D6B8ABEA-C923-4605-99A9-B7ACA5DE4D8A} = {656B47C1-3922-4F0B-820E-00BA9BDB33B1}
		{42234E7A-B484-479D-B1C1-08A08A59C935} = {1B8156EC-FC04-48C0-9904-8782705A2175}
		{73A55239-A22D-4AC9-B412-64EA83035A18} = {7A9CC7E1-9219-4F06-86E8-8A1942D9BB56}
		{C10920FE-8C74-4993-A7F4-1DA189DA842C} = {1B8156EC-FC04-48C0-9904-8782705A2175}
		{7438142E-F112-42A7-A967-4F034E75D27A} = {43E72B13-75A9-49A8-8D6B-56EB87F56DC8}
		{6FAADC1C-DB04-4F65-9856-D989FC3B46C5} = {D81A511A-E7E1-4C72-BCD6-D726359941BA}
		{3E33B12A-55BE-4FEA-8070-592090385E59} = {29DFF52B-8455-4EA1-8798-3AEE210D9372}
		{A6E4E95F-C27F-498E-ADB0-F04F5A786997} = {A557D845-2156-4D8A-A079-9C86AF0B4470}
		{FDA22E2F-B8E8-400A-9AC6-D3244333D7D1} = {85FBED21-4CCF-4A95-96B8-B5145607F43B}
		{893276F9-846F-4C7E-B986-F663310C5232} = {85FBED21-4CCF-4A95-96B8-B5145607F43B}
		{C502F42C-ECC7-4D26-A3DC-1DEE7720C8A7} = {85FBED21-4CCF-4A95-96B8-B5145607F43B}
		{28D94E77-A62A-49A2-8180-F1238CF5873D} = {85FBED21-4CCF-4A95-96B8-B5145607F43B}
		{6C09E927-DF62-44F1-A8BA-34F969E1FD71} = {85FBED21-4CCF-4A95-96B8-B5145607F43B}
		{1045FDF2-7424-4815-9BBD-D8C0F874187B} = {85FBED21-4CCF-4A95-96B8-B5145607F43B}
	EndGlobalSection
EndGlobal
